
Microsoft Visual Studio Solution File, Format Version 12.00
# Visual Studio Version 17
VisualStudioVersion = 17.12.35707.178
MinimumVisualStudioVersion = 10.0.40219.1
Project("{FAE04EC0-301F-11D3-BF4B-00C04F79EFBC}") = "DataLayer", "DataLayer\DataLayer.csproj", "{FAD3C82E-B44F-4EA5-8814-16736245A75B}"
EndProject
Project("{FAE04EC0-301F-11D3-BF4B-00C04F79EFBC}") = "ServiceLayer", "ServiceLayer\ServiceLayer.csproj", "{08FE2AD9-7C9B-464E-8B80-A9EB04BA2B57}"
EndProject
Project("{FAE04EC0-301F-11D3-BF4B-00C04F79EFBC}") = "InventoryManagementSystem", "InventoryManagementSystem\InventoryManagementSystem.csproj", "{6AFE1B59-4703-459C-BD05-CCC9C9B7A42D}"
EndProject
Project("{FAE04EC0-301F-11D3-BF4B-00C04F79EFBC}") = "InventoryMangementSystemTest", "InventoryMangementSystemTest\InventoryMangementSystemTest.csproj", "{FF6468F1-68ED-422B-B432-6156C289F83E}"
EndProject
Global
	GlobalSection(SolutionConfigurationPlatforms) = preSolution
		Debug|Any CPU = Debug|Any CPU
		Release|Any CPU = Release|Any CPU
	EndGlobalSection
	GlobalSection(ProjectConfigurationPlatforms) = postSolution
		{FAD3C82E-B44F-4EA5-8814-16736245A75B}.Debug|Any CPU.ActiveCfg = Debug|Any CPU
		{FAD3C82E-B44F-4EA5-8814-16736245A75B}.Debug|Any CPU.Build.0 = Debug|Any CPU
		{FAD3C82E-B44F-4EA5-8814-16736245A75B}.Release|Any CPU.ActiveCfg = Release|Any CPU
		{FAD3C82E-B44F-4EA5-8814-16736245A75B}.Release|Any CPU.Build.0 = Release|Any CPU
		{08FE2AD9-7C9B-464E-8B80-A9EB04BA2B57}.Debug|Any CPU.ActiveCfg = Debug|Any CPU
		{08FE2AD9-7C9B-464E-8B80-A9EB04BA2B57}.Debug|Any CPU.Build.0 = Debug|Any CPU
		{08FE2AD9-7C9B-464E-8B80-A9EB04BA2B57}.Release|Any CPU.ActiveCfg = Release|Any CPU
		{08FE2AD9-7C9B-464E-8B80-A9EB04BA2B57}.Release|Any CPU.Build.0 = Release|Any CPU
		{6AFE1B59-4703-459C-BD05-CCC9C9B7A42D}.Debug|Any CPU.ActiveCfg = Debug|Any CPU
		{6AFE1B59-4703-459C-BD05-CCC9C9B7A42D}.Debug|Any CPU.Build.0 = Debug|Any CPU
		{6AFE1B59-4703-459C-BD05-CCC9C9B7A42D}.Release|Any CPU.ActiveCfg = Release|Any CPU
		{6AFE1B59-4703-459C-BD05-CCC9C9B7A42D}.Release|Any CPU.Build.0 = Release|Any CPU
		{FF6468F1-68ED-422B-B432-6156C289F83E}.Debug|Any CPU.ActiveCfg = Debug|Any CPU
		{FF6468F1-68ED-422B-B432-6156C289F83E}.Debug|Any CPU.Build.0 = Debug|Any CPU
		{FF6468F1-68ED-422B-B432-6156C289F83E}.Release|Any CPU.ActiveCfg = Release|Any CPU
		{FF6468F1-68ED-422B-B432-6156C289F83E}.Release|Any CPU.Build.0 = Release|Any CPU
	EndGlobalSection
	GlobalSection(SolutionProperties) = preSolution
		HideSolutionNode = FALSE
	EndGlobalSection
EndGlobal
